
Microsoft Visual Studio Solution File, Format Version 12.00
# Visual Studio 15
VisualStudioVersion = 15.0.26124.0
MinimumVisualStudioVersion = 15.0.26124.0
Project("{FAE04EC0-301F-11D3-BF4B-00C04F79EFBC}") = "Hydra.Identity.API", "Hydra.Identity.API\Hydra.Identity.API.csproj", "{883CAC59-F3AD-4193-8C78-248640B9C174}"
EndProject
Project("{2150E333-8FDC-42A3-9474-1A3956D46DE8}") = "BuildingBlocks", "BuildingBlocks", "{3ADA3250-1FFC-11EB-B0B2-7FB16445C145}"
EndProject
Project("{FAE04EC0-301F-11D3-BF4B-00C04F79EFBC}") = "Hydra.WebAPI.Core", "..\hydra-core\dotnet3.1\Hydra.WebAPI.Core\Hydra.WebAPI.Core.csproj", "{66C5584F-9936-42D7-AAC2-BCCF036A79E6}"
EndProject
Project("{FAE04EC0-301F-11D3-BF4B-00C04F79EFBC}") = "Hydra.Core.MessageBus", "..\hydra-core\dotnet3.1\Hydra.Core.MessageBus\Hydra.Core.MessageBus.csproj", "{073E3793-7CF5-41A4-BD5E-1D44E8B55CBE}"
EndProject
Project("{FAE04EC0-301F-11D3-BF4B-00C04F79EFBC}") = "Hydra.Core.Integration", "..\hydra-core\dotnet3.1\Hydra.Core.Integration\Hydra.Core.Integration.csproj", "{FA212E74-D118-471D-82FE-26BEBC1DD2A7}"
EndProject
Global
	GlobalSection(SolutionProperties) = preSolution
		HideSolutionNode = FALSE
	EndGlobalSection
	GlobalSection(SolutionConfigurationPlatforms) = preSolution
		Debug|Any CPU = Debug|Any CPU
		Debug|x64 = Debug|x64
		Debug|x86 = Debug|x86
		Release|Any CPU = Release|Any CPU
		Release|x64 = Release|x64
		Release|x86 = Release|x86
	EndGlobalSection
	GlobalSection(ProjectConfigurationPlatforms) = postSolution
		{883CAC59-F3AD-4193-8C78-248640B9C174}.Debug|Any CPU.ActiveCfg = Debug|Any CPU
		{883CAC59-F3AD-4193-8C78-248640B9C174}.Debug|Any CPU.Build.0 = Debug|Any CPU
		{883CAC59-F3AD-4193-8C78-248640B9C174}.Debug|x64.ActiveCfg = Debug|Any CPU
		{883CAC59-F3AD-4193-8C78-248640B9C174}.Debug|x64.Build.0 = Debug|Any CPU
		{883CAC59-F3AD-4193-8C78-248640B9C174}.Debug|x86.ActiveCfg = Debug|Any CPU
		{883CAC59-F3AD-4193-8C78-248640B9C174}.Debug|x86.Build.0 = Debug|Any CPU
		{883CAC59-F3AD-4193-8C78-248640B9C174}.Release|Any CPU.ActiveCfg = Release|Any CPU
		{883CAC59-F3AD-4193-8C78-248640B9C174}.Release|Any CPU.Build.0 = Release|Any CPU
		{883CAC59-F3AD-4193-8C78-248640B9C174}.Release|x64.ActiveCfg = Release|Any CPU
		{883CAC59-F3AD-4193-8C78-248640B9C174}.Release|x64.Build.0 = Release|Any CPU
		{883CAC59-F3AD-4193-8C78-248640B9C174}.Release|x86.ActiveCfg = Release|Any CPU
		{883CAC59-F3AD-4193-8C78-248640B9C174}.Release|x86.Build.0 = Release|Any CPU
		{66C5584F-9936-42D7-AAC2-BCCF036A79E6}.Debug|Any CPU.ActiveCfg = Debug|Any CPU
		{66C5584F-9936-42D7-AAC2-BCCF036A79E6}.Debug|Any CPU.Build.0 = Debug|Any CPU
		{66C5584F-9936-42D7-AAC2-BCCF036A79E6}.Debug|x64.ActiveCfg = Debug|Any CPU
		{66C5584F-9936-42D7-AAC2-BCCF036A79E6}.Debug|x64.Build.0 = Debug|Any CPU
		{66C5584F-9936-42D7-AAC2-BCCF036A79E6}.Debug|x86.ActiveCfg = Debug|Any CPU
		{66C5584F-9936-42D7-AAC2-BCCF036A79E6}.Debug|x86.Build.0 = Debug|Any CPU
		{66C5584F-9936-42D7-AAC2-BCCF036A79E6}.Release|Any CPU.ActiveCfg = Release|Any CPU
		{66C5584F-9936-42D7-AAC2-BCCF036A79E6}.Release|Any CPU.Build.0 = Release|Any CPU
		{66C5584F-9936-42D7-AAC2-BCCF036A79E6}.Release|x64.ActiveCfg = Release|Any CPU
		{66C5584F-9936-42D7-AAC2-BCCF036A79E6}.Release|x64.Build.0 = Release|Any CPU
		{66C5584F-9936-42D7-AAC2-BCCF036A79E6}.Release|x86.ActiveCfg = Release|Any CPU
		{66C5584F-9936-42D7-AAC2-BCCF036A79E6}.Release|x86.Build.0 = Release|Any CPU
		{073E3793-7CF5-41A4-BD5E-1D44E8B55CBE}.Debug|Any CPU.ActiveCfg = Debug|Any CPU
		{073E3793-7CF5-41A4-BD5E-1D44E8B55CBE}.Debug|Any CPU.Build.0 = Debug|Any CPU
		{073E3793-7CF5-41A4-BD5E-1D44E8B55CBE}.Debug|x64.ActiveCfg = Debug|Any CPU
		{073E3793-7CF5-41A4-BD5E-1D44E8B55CBE}.Debug|x64.Build.0 = Debug|Any CPU
		{073E3793-7CF5-41A4-BD5E-1D44E8B55CBE}.Debug|x86.ActiveCfg = Debug|Any CPU
		{073E3793-7CF5-41A4-BD5E-1D44E8B55CBE}.Debug|x86.Build.0 = Debug|Any CPU
		{073E3793-7CF5-41A4-BD5E-1D44E8B55CBE}.Release|Any CPU.ActiveCfg = Release|Any CPU
		{073E3793-7CF5-41A4-BD5E-1D44E8B55CBE}.Release|Any CPU.Build.0 = Release|Any CPU
		{073E3793-7CF5-41A4-BD5E-1D44E8B55CBE}.Release|x64.ActiveCfg = Release|Any CPU
		{073E3793-7CF5-41A4-BD5E-1D44E8B55CBE}.Release|x64.Build.0 = Release|Any CPU
		{073E3793-7CF5-41A4-BD5E-1D44E8B55CBE}.Release|x86.ActiveCfg = Release|Any CPU
		{073E3793-7CF5-41A4-BD5E-1D44E8B55CBE}.Release|x86.Build.0 = Release|Any CPU
		{FA212E74-D118-471D-82FE-26BEBC1DD2A7}.Debug|Any CPU.ActiveCfg = Debug|Any CPU
		{FA212E74-D118-471D-82FE-26BEBC1DD2A7}.Debug|Any CPU.Build.0 = Debug|Any CPU
		{FA212E74-D118-471D-82FE-26BEBC1DD2A7}.Debug|x64.ActiveCfg = Debug|Any CPU
		{FA212E74-D118-471D-82FE-26BEBC1DD2A7}.Debug|x64.Build.0 = Debug|Any CPU
		{FA212E74-D118-471D-82FE-26BEBC1DD2A7}.Debug|x86.ActiveCfg = Debug|Any CPU
		{FA212E74-D118-471D-82FE-26BEBC1DD2A7}.Debug|x86.Build.0 = Debug|Any CPU
		{FA212E74-D118-471D-82FE-26BEBC1DD2A7}.Release|Any CPU.ActiveCfg = Release|Any CPU
		{FA212E74-D118-471D-82FE-26BEBC1DD2A7}.Release|Any CPU.Build.0 = Release|Any CPU
		{FA212E74-D118-471D-82FE-26BEBC1DD2A7}.Release|x64.ActiveCfg = Release|Any CPU
		{FA212E74-D118-471D-82FE-26BEBC1DD2A7}.Release|x64.Build.0 = Release|Any CPU
		{FA212E74-D118-471D-82FE-26BEBC1DD2A7}.Release|x86.ActiveCfg = Release|Any CPU
		{FA212E74-D118-471D-82FE-26BEBC1DD2A7}.Release|x86.Build.0 = Release|Any CPU
	EndGlobalSection
	GlobalSection(NestedProjects) = preSolution
		{073E3793-7CF5-41A4-BD5E-1D44E8B55CBE} = {3ADA3250-1FFC-11EB-B0B2-7FB16445C145}
		{FA212E74-D118-471D-82FE-26BEBC1DD2A7} = {3ADA3250-1FFC-11EB-B0B2-7FB16445C145}
		{66C5584F-9936-42D7-AAC2-BCCF036A79E6} = {3ADA3250-1FFC-11EB-B0B2-7FB16445C145}
	EndGlobalSection
EndGlobal
